
Microsoft Visual Studio Solution File, Format Version 12.00
# Visual Studio Version 17
VisualStudioVersion = 17.3.32922.545
MinimumVisualStudioVersion = 10.0.40219.1
Project("{FAE04EC0-301F-11D3-BF4B-00C04F79EFBC}") = "UrlShortener", "UrlShortener\UrlShortener.csproj", "{BF8CBC18-38B9-453B-A211-1B926E1B2205}"
EndProject
Global
	GlobalSection(SolutionConfigurationPlatforms) = preSolution
		Debug|Any CPU = Debug|Any CPU
		Release|Any CPU = Release|Any CPU
	EndGlobalSection
	GlobalSection(ProjectConfigurationPlatforms) = postSolution
		{BF8CBC18-38B9-453B-A211-1B926E1B2205}.Debug|Any CPU.ActiveCfg = Debug|Any CPU
		{BF8CBC18-38B9-453B-A211-1B926E1B2205}.Debug|Any CPU.Build.0 = Debug|Any CPU
		{BF8CBC18-38B9-453B-A211-1B926E1B2205}.Release|Any CPU.ActiveCfg = Release|Any CPU
		{BF8CBC18-38B9-453B-A211-1B926E1B2205}.Release|Any CPU.Build.0 = Release|Any CPU
	EndGlobalSection
	GlobalSection(SolutionProperties) = preSolution
		HideSolutionNode = FALSE
	EndGlobalSection
	GlobalSection(ExtensibilityGlobals) = postSolution
		SolutionGuid = {68F0C7D5-5B2B-45A3-8D4D-A276B6915225}
	EndGlobalSection
EndGlobal
